
Microsoft Visual Studio Solution File, Format Version 12.00
# Visual Studio 2013
VisualStudioVersion = 12.0.30723.0
MinimumVisualStudioVersion = 10.0.40219.1
Project("{FAE04EC0-301F-11D3-BF4B-00C04F79EFBC}") = "spsServerAPI", "spsServerAPI\spsServerAPI.csproj", "{DE0E1057-FDFF-41E4-AEA1-8064A739E0BF}"
EndProject
Project("{2150E333-8FDC-42A3-9474-1A3956D46DE8}") = "PublishScripts", "PublishScripts", "{FDF5AD6A-DD56-4D70-BED7-70E537BD3329}"
	ProjectSection(SolutionItems) = preProject
		PublishScripts\AzureWebsitePublishModule.psm1 = PublishScripts\AzureWebsitePublishModule.psm1
		PublishScripts\Publish-WebApplicationWebsite.ps1 = PublishScripts\Publish-WebApplicationWebsite.ps1
	EndProjectSection
EndProject
Project("{2150E333-8FDC-42A3-9474-1A3956D46DE8}") = "Configurations", "Configurations", "{67C14BCA-6A19-448D-A20D-5032A160B637}"
	ProjectSection(SolutionItems) = preProject
		PublishScripts\Configurations\spsServerAPI-WAWS-dev.json = PublishScripts\Configurations\spsServerAPI-WAWS-dev.json
	EndProjectSection
EndProject
Project("{2150E333-8FDC-42A3-9474-1A3956D46DE8}") = ".nuget", ".nuget", "{67BB1A62-7DD2-4D6A-BD03-E1C5DB18D0A2}"
	ProjectSection(SolutionItems) = preProject
		.nuget\NuGet.Config = .nuget\NuGet.Config
		.nuget\NuGet.exe = .nuget\NuGet.exe
		.nuget\NuGet.targets = .nuget\NuGet.targets
	EndProjectSection
EndProject
Project("{FAE04EC0-301F-11D3-BF4B-00C04F79EFBC}") = "spserverAPIConsoleTest", "spserverAPIConsoleTest\spserverAPIConsoleTest.csproj", "{2246815B-6E06-4A91-AE11-D87B13E25F51}"
EndProject
Global
	GlobalSection(SolutionConfigurationPlatforms) = preSolution
		Debug|Any CPU = Debug|Any CPU
		Release|Any CPU = Release|Any CPU
	EndGlobalSection
	GlobalSection(ProjectConfigurationPlatforms) = postSolution
		{DE0E1057-FDFF-41E4-AEA1-8064A739E0BF}.Debug|Any CPU.ActiveCfg = Debug|Any CPU
		{DE0E1057-FDFF-41E4-AEA1-8064A739E0BF}.Debug|Any CPU.Build.0 = Debug|Any CPU
		{DE0E1057-FDFF-41E4-AEA1-8064A739E0BF}.Release|Any CPU.ActiveCfg = Release|Any CPU
		{DE0E1057-FDFF-41E4-AEA1-8064A739E0BF}.Release|Any CPU.Build.0 = Release|Any CPU
		{2246815B-6E06-4A91-AE11-D87B13E25F51}.Debug|Any CPU.ActiveCfg = Debug|Any CPU
		{2246815B-6E06-4A91-AE11-D87B13E25F51}.Debug|Any CPU.Build.0 = Debug|Any CPU
		{2246815B-6E06-4A91-AE11-D87B13E25F51}.Release|Any CPU.ActiveCfg = Release|Any CPU
		{2246815B-6E06-4A91-AE11-D87B13E25F51}.Release|Any CPU.Build.0 = Release|Any CPU
	EndGlobalSection
	GlobalSection(SolutionProperties) = preSolution
		HideSolutionNode = FALSE
	EndGlobalSection
	GlobalSection(NestedProjects) = preSolution
		{67C14BCA-6A19-448D-A20D-5032A160B637} = {FDF5AD6A-DD56-4D70-BED7-70E537BD3329}
	EndGlobalSection
EndGlobal
